// !$*UTF8*$!
{
	archiveVersion = 1;
	classes = {
	};
	objectVersion = 56;
	objects = {

/* Begin PBXBuildFile section */
		CE84FC532A874E0D00933B25 /* QuadraticEquation.m in Sources */ = {isa = PBXBuildFile; fileRef = CE84FC522A874E0D00933B25 /* QuadraticEquation.m */; };
		CE84FC5C2A876ED500933B25 /* FirstController.xib in Resources */ = {isa = PBXBuildFile; fileRef = CE84FC5A2A876ED500933B25 /* FirstController.xib */; };
		CECC9D2C2A86AC4D004DF69D /* AppDelegate.swift in Sources */ = {isa = PBXBuildFile; fileRef = CECC9D2B2A86AC4D004DF69D /* AppDelegate.swift */; };
		CECC9D302A86AC4F004DF69D /* Assets.xcassets in Resources */ = {isa = PBXBuildFile; fileRef = CECC9D2F2A86AC4F004DF69D /* Assets.xcassets */; };
		CECC9D3B2A86AE1E004DF69D /* main.swift in Sources */ = {isa = PBXBuildFile; fileRef = CECC9D3A2A86AE1E004DF69D /* main.swift */; };
		CECC9D462A86BDEA004DF69D /* FirstController.swift in Sources */ = {isa = PBXBuildFile; fileRef = CECC9D442A86BDEA004DF69D /* FirstController.swift */; };
/* End PBXBuildFile section */

/* Begin PBXFileReference section */
		CE84FC512A874E0D00933B25 /* Quadratic equation-Bridging-Header.h */ = {isa = PBXFileReference; lastKnownFileType = sourcecode.c.h; path = "Quadratic equation-Bridging-Header.h"; sourceTree = "<group>"; };
		CE84FC522A874E0D00933B25 /* QuadraticEquation.m */ = {isa = PBXFileReference; lastKnownFileType = sourcecode.c.objc; path = QuadraticEquation.m; sourceTree = "<group>"; };
		CE84FC542A874EBA00933B25 /* QuadraticEquation.h */ = {isa = PBXFileReference; lastKnownFileType = sourcecode.c.h; path = QuadraticEquation.h; sourceTree = "<group>"; };
		CE84FC5D2A876EEA00933B25 /* Base */ = {isa = PBXFileReference; lastKnownFileType = file.xib; name = Base; path = Base.lproj/FirstController.xib; sourceTree = "<group>"; };
		CE84FC5E2A876EF300933B25 /* en */ = {isa = PBXFileReference; lastKnownFileType = text.plist.strings; name = en; path = en.lproj/FirstController.strings; sourceTree = "<group>"; };
		CE84FC5F2A87706900933B25 /* uk */ = {isa = PBXFileReference; lastKnownFileType = text.plist.strings; name = uk; path = uk.lproj/FirstController.strings; sourceTree = "<group>"; };
		CECC9D282A86AC4D004DF69D /* Quadratic equation.app */ = {isa = PBXFileReference; explicitFileType = wrapper.application; includeInIndex = 0; path = "Quadratic equation.app"; sourceTree = BUILT_PRODUCTS_DIR; };
		CECC9D2B2A86AC4D004DF69D /* AppDelegate.swift */ = {isa = PBXFileReference; lastKnownFileType = sourcecode.swift; path = AppDelegate.swift; sourceTree = "<group>"; };
		CECC9D2F2A86AC4F004DF69D /* Assets.xcassets */ = {isa = PBXFileReference; lastKnownFileType = folder.assetcatalog; path = Assets.xcassets; sourceTree = "<group>"; };
		CECC9D342A86AC4F004DF69D /* Quadratic_equation.entitlements */ = {isa = PBXFileReference; lastKnownFileType = text.plist.entitlements; path = Quadratic_equation.entitlements; sourceTree = "<group>"; };
		CECC9D3A2A86AE1E004DF69D /* main.swift */ = {isa = PBXFileReference; lastKnownFileType = sourcecode.swift; path = main.swift; sourceTree = "<group>"; };
		CECC9D442A86BDEA004DF69D /* FirstController.swift */ = {isa = PBXFileReference; lastKnownFileType = sourcecode.swift; path = FirstController.swift; sourceTree = "<group>"; };
/* End PBXFileReference section */

/* Begin PBXFrameworksBuildPhase section */
		CECC9D252A86AC4D004DF69D /* Frameworks */ = {
			isa = PBXFrameworksBuildPhase;
			buildActionMask = 2147483647;
			files = (
			);
			runOnlyForDeploymentPostprocessing = 0;
		};
/* End PBXFrameworksBuildPhase section */

/* Begin PBXGroup section */
		CE84FC502A874D8400933B25 /* Model */ = {
			isa = PBXGroup;
			children = (
				CE84FC542A874EBA00933B25 /* QuadraticEquation.h */,
				CE84FC522A874E0D00933B25 /* QuadraticEquation.m */,
				CE84FC512A874E0D00933B25 /* Quadratic equation-Bridging-Header.h */,
			);
			path = Model;
			sourceTree = "<group>";
		};
		CECC9D1F2A86AC4D004DF69D = {
			isa = PBXGroup;
			children = (
				CECC9D2A2A86AC4D004DF69D /* Quadratic equation */,
				CECC9D292A86AC4D004DF69D /* Products */,
			);
			sourceTree = "<group>";
		};
		CECC9D292A86AC4D004DF69D /* Products */ = {
			isa = PBXGroup;
			children = (
				CECC9D282A86AC4D004DF69D /* Quadratic equation.app */,
			);
			name = Products;
			sourceTree = "<group>";
		};
		CECC9D2A2A86AC4D004DF69D /* Quadratic equation */ = {
			isa = PBXGroup;
			children = (
				CECC9D482A87450E004DF69D /* FirstController */,
				CECC9D2B2A86AC4D004DF69D /* AppDelegate.swift */,
				CECC9D2F2A86AC4F004DF69D /* Assets.xcassets */,
				CECC9D342A86AC4F004DF69D /* Quadratic_equation.entitlements */,
				CECC9D3A2A86AE1E004DF69D /* main.swift */,
			);
			path = "Quadratic equation";
			sourceTree = "<group>";
		};
		CECC9D482A87450E004DF69D /* FirstController */ = {
			isa = PBXGroup;
			children = (
				CE84FC502A874D8400933B25 /* Model */,
				CECC9D442A86BDEA004DF69D /* FirstController.swift */,
				CE84FC5A2A876ED500933B25 /* FirstController.xib */,
			);
			path = FirstController;
			sourceTree = "<group>";
		};
/* End PBXGroup section */

/* Begin PBXNativeTarget section */
		CECC9D272A86AC4D004DF69D /* Quadratic equation */ = {
			isa = PBXNativeTarget;
			buildConfigurationList = CECC9D372A86AC4F004DF69D /* Build configuration list for PBXNativeTarget "Quadratic equation" */;
			buildPhases = (
				CECC9D242A86AC4D004DF69D /* Sources */,
				CECC9D252A86AC4D004DF69D /* Frameworks */,
				CECC9D262A86AC4D004DF69D /* Resources */,
			);
			buildRules = (
			);
			dependencies = (
			);
			name = "Quadratic equation";
			productName = "Quadratic equation";
			productReference = CECC9D282A86AC4D004DF69D /* Quadratic equation.app */;
			productType = "com.apple.product-type.application";
		};
/* End PBXNativeTarget section */

/* Begin PBXProject section */
		CECC9D202A86AC4D004DF69D /* Project object */ = {
			isa = PBXProject;
			attributes = {
				BuildIndependentTargetsInParallel = 1;
				LastSwiftUpdateCheck = 1420;
				LastUpgradeCheck = 1420;
				TargetAttributes = {
					CECC9D272A86AC4D004DF69D = {
						CreatedOnToolsVersion = 14.2;
						LastSwiftMigration = 1420;
					};
				};
			};
			buildConfigurationList = CECC9D232A86AC4D004DF69D /* Build configuration list for PBXProject "Quadratic equation" */;
			compatibilityVersion = "Xcode 14.0";
			developmentRegion = en;
			hasScannedForEncodings = 0;
			knownRegions = (
				en,
				uk,
				Base,
			);
			mainGroup = CECC9D1F2A86AC4D004DF69D;
			productRefGroup = CECC9D292A86AC4D004DF69D /* Products */;
			projectDirPath = "";
			projectRoot = "";
			targets = (
				CECC9D272A86AC4D004DF69D /* Quadratic equation */,
			);
		};
/* End PBXProject section */

/* Begin PBXResourcesBuildPhase section */
		CECC9D262A86AC4D004DF69D /* Resources */ = {
			isa = PBXResourcesBuildPhase;
			buildActionMask = 2147483647;
			files = (
				CE84FC5C2A876ED500933B25 /* FirstController.xib in Resources */,
				CECC9D302A86AC4F004DF69D /* Assets.xcassets in Resources */,
			);
			runOnlyForDeploymentPostprocessing = 0;
		};
/* End PBXResourcesBuildPhase section */

/* Begin PBXSourcesBuildPhase section */
		CECC9D242A86AC4D004DF69D /* Sources */ = {
			isa = PBXSourcesBuildPhase;
			buildActionMask = 2147483647;
			files = (
				CECC9D462A86BDEA004DF69D /* FirstController.swift in Sources */,
				CECC9D3B2A86AE1E004DF69D /* main.swift in Sources */,
				CE84FC532A874E0D00933B25 /* QuadraticEquation.m in Sources */,
				CECC9D2C2A86AC4D004DF69D /* AppDelegate.swift in Sources */,
			);
			runOnlyForDeploymentPostprocessing = 0;
		};
/* End PBXSourcesBuildPhase section */

/* Begin PBXVariantGroup section */
		CE84FC5A2A876ED500933B25 /* FirstController.xib */ = {
			isa = PBXVariantGroup;
			children = (
				CE84FC5D2A876EEA00933B25 /* Base */,
				CE84FC5E2A876EF300933B25 /* en */,
				CE84FC5F2A87706900933B25 /* uk */,
			);
			name = FirstController.xib;
			sourceTree = "<group>";
		};
/* End PBXVariantGroup section */

/* Begin XCBuildConfiguration section */
		CECC9D352A86AC4F004DF69D /* Debug */ = {
			isa = XCBuildConfiguration;
			buildSettings = {
				ALWAYS_SEARCH_USER_PATHS = NO;
				CLANG_ANALYZER_NONNULL = YES;
				CLANG_ANALYZER_NUMBER_OBJECT_CONVERSION = YES_AGGRESSIVE;
				CLANG_CXX_LANGUAGE_STANDARD = "gnu++20";
				CLANG_ENABLE_MODULES = YES;
				CLANG_ENABLE_OBJC_ARC = YES;
				CLANG_ENABLE_OBJC_WEAK = YES;
				CLANG_WARN_BLOCK_CAPTURE_AUTORELEASING = YES;
				CLANG_WARN_BOOL_CONVERSION = YES;
				CLANG_WARN_COMMA = YES;
				CLANG_WARN_CONSTANT_CONVERSION = YES;
				CLANG_WARN_DEPRECATED_OBJC_IMPLEMENTATIONS = YES;
				CLANG_WARN_DIRECT_OBJC_ISA_USAGE = YES_ERROR;
				CLANG_WARN_DOCUMENTATION_COMMENTS = YES;
				CLANG_WARN_EMPTY_BODY = YES;
				CLANG_WARN_ENUM_CONVERSION = YES;
				CLANG_WARN_INFINITE_RECURSION = YES;
				CLANG_WARN_INT_CONVERSION = YES;
				CLANG_WARN_NON_LITERAL_NULL_CONVERSION = YES;
				CLANG_WARN_OBJC_IMPLICIT_RETAIN_SELF = YES;
				CLANG_WARN_OBJC_LITERAL_CONVERSION = YES;
				CLANG_WARN_OBJC_ROOT_CLASS = YES_ERROR;
				CLANG_WARN_QUOTED_INCLUDE_IN_FRAMEWORK_HEADER = YES;
				CLANG_WARN_RANGE_LOOP_ANALYSIS = YES;
				CLANG_WARN_STRICT_PROTOTYPES = YES;
				CLANG_WARN_SUSPICIOUS_MOVE = YES;
				CLANG_WARN_UNGUARDED_AVAILABILITY = YES_AGGRESSIVE;
				CLANG_WARN_UNREACHABLE_CODE = YES;
				CLANG_WARN__DUPLICATE_METHOD_MATCH = YES;
				COPY_PHASE_STRIP = NO;
				DEBUG_INFORMATION_FORMAT = dwarf;
				ENABLE_STRICT_OBJC_MSGSEND = YES;
				ENABLE_TESTABILITY = YES;
				GCC_C_LANGUAGE_STANDARD = gnu11;
				GCC_DYNAMIC_NO_PIC = NO;
				GCC_NO_COMMON_BLOCKS = YES;
				GCC_OPTIMIZATION_LEVEL = 0;
				GCC_PREPROCESSOR_DEFINITIONS = (
					"DEBUG=1",
					"$(inherited)",
				);
				GCC_WARN_64_TO_32_BIT_CONVERSION = YES;
				GCC_WARN_ABOUT_RETURN_TYPE = YES_ERROR;
				GCC_WARN_UNDECLARED_SELECTOR = YES;
				GCC_WARN_UNINITIALIZED_AUTOS = YES_AGGRESSIVE;
				GCC_WARN_UNUSED_FUNCTION = YES;
				GCC_WARN_UNUSED_VARIABLE = YES;
				MACOSX_DEPLOYMENT_TARGET = 12.6;
				MTL_ENABLE_DEBUG_INFO = INCLUDE_SOURCE;
				MTL_FAST_MATH = YES;
				ONLY_ACTIVE_ARCH = YES;
				SDKROOT = macosx;
				SWIFT_ACTIVE_COMPILATION_CONDITIONS = DEBUG;
				SWIFT_OPTIMIZATION_LEVEL = "-Onone";
			};
			name = Debug;
		};
		CECC9D362A86AC4F004DF69D /* Release */ = {
			isa = XCBuildConfiguration;
			buildSettings = {
				ALWAYS_SEARCH_USER_PATHS = NO;
				CLANG_ANALYZER_NONNULL = YES;
				CLANG_ANALYZER_NUMBER_OBJECT_CONVERSION = YES_AGGRESSIVE;
				CLANG_CXX_LANGUAGE_STANDARD = "gnu++20";
				CLANG_ENABLE_MODULES = YES;
				CLANG_ENABLE_OBJC_ARC = YES;
				CLANG_ENABLE_OBJC_WEAK = YES;
				CLANG_WARN_BLOCK_CAPTURE_AUTORELEASING = YES;
				CLANG_WARN_BOOL_CONVERSION = YES;
				CLANG_WARN_COMMA = YES;
				CLANG_WARN_CONSTANT_CONVERSION = YES;
				CLANG_WARN_DEPRECATED_OBJC_IMPLEMENTATIONS = YES;
				CLANG_WARN_DIRECT_OBJC_ISA_USAGE = YES_ERROR;
				CLANG_WARN_DOCUMENTATION_COMMENTS = YES;
				CLANG_WARN_EMPTY_BODY = YES;
				CLANG_WARN_ENUM_CONVERSION = YES;
				CLANG_WARN_INFINITE_RECURSION = YES;
				CLANG_WARN_INT_CONVERSION = YES;
				CLANG_WARN_NON_LITERAL_NULL_CONVERSION = YES;
				CLANG_WARN_OBJC_IMPLICIT_RETAIN_SELF = YES;
				CLANG_WARN_OBJC_LITERAL_CONVERSION = YES;
				CLANG_WARN_OBJC_ROOT_CLASS = YES_ERROR;
				CLANG_WARN_QUOTED_INCLUDE_IN_FRAMEWORK_HEADER = YES;
				CLANG_WARN_RANGE_LOOP_ANALYSIS = YES;
				CLANG_WARN_STRICT_PROTOTYPES = YES;
				CLANG_WARN_SUSPICIOUS_MOVE = YES;
				CLANG_WARN_UNGUARDED_AVAILABILITY = YES_AGGRESSIVE;
				CLANG_WARN_UNREACHABLE_CODE = YES;
				CLANG_WARN__DUPLICATE_METHOD_MATCH = YES;
				COPY_PHASE_STRIP = NO;
				DEBUG_INFORMATION_FORMAT = "dwarf-with-dsym";
				ENABLE_NS_ASSERTIONS = NO;
				ENABLE_STRICT_OBJC_MSGSEND = YES;
				GCC_C_LANGUAGE_STANDARD = gnu11;
				GCC_NO_COMMON_BLOCKS = YES;
				GCC_WARN_64_TO_32_BIT_CONVERSION = YES;
				GCC_WARN_ABOUT_RETURN_TYPE = YES_ERROR;
				GCC_WARN_UNDECLARED_SELECTOR = YES;
				GCC_WARN_UNINITIALIZED_AUTOS = YES_AGGRESSIVE;
				GCC_WARN_UNUSED_FUNCTION = YES;
				GCC_WARN_UNUSED_VARIABLE = YES;
				MACOSX_DEPLOYMENT_TARGET = 12.6;
				MTL_ENABLE_DEBUG_INFO = NO;
				MTL_FAST_MATH = YES;
				SDKROOT = macosx;
				SWIFT_COMPILATION_MODE = wholemodule;
				SWIFT_OPTIMIZATION_LEVEL = "-O";
			};
			name = Release;
		};
		CECC9D382A86AC4F004DF69D /* Debug */ = {
			isa = XCBuildConfiguration;
			buildSettings = {
				ASSETCATALOG_COMPILER_APPICON_NAME = AppIcon;
				ASSETCATALOG_COMPILER_GLOBAL_ACCENT_COLOR_NAME = AccentColor;
				CLANG_ENABLE_MODULES = YES;
				CODE_SIGN_ENTITLEMENTS = "Quadratic equation/Quadratic_equation.entitlements";
				CODE_SIGN_STYLE = Automatic;
				COMBINE_HIDPI_IMAGES = YES;
				CURRENT_PROJECT_VERSION = 1;
				DEVELOPMENT_TEAM = 364PACBHLP;
				ENABLE_HARDENED_RUNTIME = YES;
				GENERATE_INFOPLIST_FILE = YES;
				INFOPLIST_KEY_NSHumanReadableCopyright = "";
				INFOPLIST_KEY_NSPrincipalClass = NSApplication;
				LD_RUNPATH_SEARCH_PATHS = (
					"$(inherited)",
					"@executable_path/../Frameworks",
				);
				MARKETING_VERSION = 1.0;
				PRODUCT_BUNDLE_IDENTIFIER = "Efimenko.Quadratic-equation";
				PRODUCT_NAME = "$(TARGET_NAME)";
				SWIFT_EMIT_LOC_STRINGS = YES;
				SWIFT_OBJC_BRIDGING_HEADER = "Quadratic equation/FirstController/Model/Quadratic equation-Bridging-Header.h";
				SWIFT_OPTIMIZATION_LEVEL = "-Onone";
				SWIFT_VERSION = 5.0;
			};
			name = Debug;
		};
		CECC9D392A86AC4F004DF69D /* Release */ = {
			isa = XCBuildConfiguration;
			buildSettings = {
				ASSETCATALOG_COMPILER_APPICON_NAME = AppIcon;
				ASSETCATALOG_COMPILER_GLOBAL_ACCENT_COLOR_NAME = AccentColor;
				CLANG_ENABLE_MODULES = YES;
				CODE_SIGN_ENTITLEMENTS = "Quadratic equation/Quadratic_equation.entitlements";
				CODE_SIGN_STYLE = Automatic;
				COMBINE_HIDPI_IMAGES = YES;
				CURRENT_PROJECT_VERSION = 1;
				DEVELOPMENT_TEAM = 364PACBHLP;
				ENABLE_HARDENED_RUNTIME = YES;
				GENERATE_INFOPLIST_FILE = YES;
				INFOPLIST_KEY_NSHumanReadableCopyright = "";
				INFOPLIST_KEY_NSPrincipalClass = NSApplication;
				LD_RUNPATH_SEARCH_PATHS = (
					"$(inherited)",
					"@executable_path/../Frameworks",
				);
				MARKETING_VERSION = 1.0;
				PRODUCT_BUNDLE_IDENTIFIER = "Efimenko.Quadratic-equation";
				PRODUCT_NAME = "$(TARGET_NAME)";
				SWIFT_EMIT_LOC_STRINGS = YES;
				SWIFT_OBJC_BRIDGING_HEADER = "Quadratic equation/FirstController/Model/Quadratic equation-Bridging-Header.h";
				SWIFT_VERSION = 5.0;
			};
			name = Release;
		};
/* End XCBuildConfiguration section */

/* Begin XCConfigurationList section */
		CECC9D232A86AC4D004DF69D /* Build configuration list for PBXProject "Quadratic equation" */ = {
			isa = XCConfigurationList;
			buildConfigurations = (
				CECC9D352A86AC4F004DF69D /* Debug */,
				CECC9D362A86AC4F004DF69D /* Release */,
			);
			defaultConfigurationIsVisible = 0;
			defaultConfigurationName = Release;
		};
		CECC9D372A86AC4F004DF69D /* Build configuration list for PBXNativeTarget "Quadratic equation" */ = {
			isa = XCConfigurationList;
			buildConfigurations = (
				CECC9D382A86AC4F004DF69D /* Debug */,
				CECC9D392A86AC4F004DF69D /* Release */,
			);
			defaultConfigurationIsVisible = 0;
			defaultConfigurationName = Release;
		};
/* End XCConfigurationList section */
	};
	rootObject = CECC9D202A86AC4D004DF69D /* Project object */;
}
